// !$*UTF8*$!
{
	archiveVersion = 1;
	classes = {
	};
	objectVersion = 55;
	objects = {

/* Begin PBXBuildFile section */
		6F5DD3B9275ABAB700998E15 /* scroll_view_bugApp.swift in Sources */ = {isa = PBXBuildFile; fileRef = 6F5DD3B8275ABAB700998E15 /* scroll_view_bugApp.swift */; };
		6F5DD3BB275ABAB700998E15 /* ContentView.swift in Sources */ = {isa = PBXBuildFile; fileRef = 6F5DD3BA275ABAB700998E15 /* ContentView.swift */; };
		6F5DD3BD275ABAB800998E15 /* Assets.xcassets in Resources */ = {isa = PBXBuildFile; fileRef = 6F5DD3BC275ABAB800998E15 /* Assets.xcassets */; };
		6F5DD3C0275ABAB800998E15 /* Preview Assets.xcassets in Resources */ = {isa = PBXBuildFile; fileRef = 6F5DD3BF275ABAB800998E15 /* Preview Assets.xcassets */; };
		6F5DD3C8275ABB0500998E15 /* MyViewRepresentable.swift in Sources */ = {isa = PBXBuildFile; fileRef = 6F5DD3C7275ABB0500998E15 /* MyViewRepresentable.swift */; };
		6F5DD3CA275ABBA400998E15 /* MyView.swift in Sources */ = {isa = PBXBuildFile; fileRef = 6F5DD3C9275ABBA400998E15 /* MyView.swift */; };
/* End PBXBuildFile section */

/* Begin PBXFileReference section */
		6F5DD3B5275ABAB700998E15 /* scroll-view-bug.app */ = {isa = PBXFileReference; explicitFileType = wrapper.application; includeInIndex = 0; path = "scroll-view-bug.app"; sourceTree = BUILT_PRODUCTS_DIR; };
		6F5DD3B8275ABAB700998E15 /* scroll_view_bugApp.swift */ = {isa = PBXFileReference; lastKnownFileType = sourcecode.swift; path = scroll_view_bugApp.swift; sourceTree = "<group>"; };
		6F5DD3BA275ABAB700998E15 /* ContentView.swift */ = {isa = PBXFileReference; lastKnownFileType = sourcecode.swift; path = ContentView.swift; sourceTree = "<group>"; };
		6F5DD3BC275ABAB800998E15 /* Assets.xcassets */ = {isa = PBXFileReference; lastKnownFileType = folder.assetcatalog; path = Assets.xcassets; sourceTree = "<group>"; };
		6F5DD3BF275ABAB800998E15 /* Preview Assets.xcassets */ = {isa = PBXFileReference; lastKnownFileType = folder.assetcatalog; path = "Preview Assets.xcassets"; sourceTree = "<group>"; };
		6F5DD3C1275ABAB800998E15 /* scroll_view_bug.entitlements */ = {isa = PBXFileReference; lastKnownFileType = text.plist.entitlements; path = scroll_view_bug.entitlements; sourceTree = "<group>"; };
		6F5DD3C7275ABB0500998E15 /* MyViewRepresentable.swift */ = {isa = PBXFileReference; lastKnownFileType = sourcecode.swift; path = MyViewRepresentable.swift; sourceTree = "<group>"; };
		6F5DD3C9275ABBA400998E15 /* MyView.swift */ = {isa = PBXFileReference; lastKnownFileType = sourcecode.swift; path = MyView.swift; sourceTree = "<group>"; };
/* End PBXFileReference section */

/* Begin PBXFrameworksBuildPhase section */
		6F5DD3B2275ABAB700998E15 /* Frameworks */ = {
			isa = PBXFrameworksBuildPhase;
			buildActionMask = 2147483647;
			files = (
			);
			runOnlyForDeploymentPostprocessing = 0;
		};
/* End PBXFrameworksBuildPhase section */

/* Begin PBXGroup section */
		6F5DD3AC275ABAB700998E15 = {
			isa = PBXGroup;
			children = (
				6F5DD3B7275ABAB700998E15 /* scroll-view-bug */,
				6F5DD3B6275ABAB700998E15 /* Products */,
			);
			sourceTree = "<group>";
		};
		6F5DD3B6275ABAB700998E15 /* Products */ = {
			isa = PBXGroup;
			children = (
				6F5DD3B5275ABAB700998E15 /* scroll-view-bug.app */,
			);
			name = Products;
			sourceTree = "<group>";
		};
		6F5DD3B7275ABAB700998E15 /* scroll-view-bug */ = {
			isa = PBXGroup;
			children = (
				6F5DD3B8275ABAB700998E15 /* scroll_view_bugApp.swift */,
				6F5DD3BA275ABAB700998E15 /* ContentView.swift */,
				6F5DD3C7275ABB0500998E15 /* MyViewRepresentable.swift */,
				6F5DD3C9275ABBA400998E15 /* MyView.swift */,
				6F5DD3BC275ABAB800998E15 /* Assets.xcassets */,
				6F5DD3C1275ABAB800998E15 /* scroll_view_bug.entitlements */,
				6F5DD3BE275ABAB800998E15 /* Preview Content */,
			);
			path = "scroll-view-bug";
			sourceTree = "<group>";
		};
		6F5DD3BE275ABAB800998E15 /* Preview Content */ = {
			isa = PBXGroup;
			children = (
				6F5DD3BF275ABAB800998E15 /* Preview Assets.xcassets */,
			);
			path = "Preview Content";
			sourceTree = "<group>";
		};
/* End PBXGroup section */

/* Begin PBXNativeTarget section */
		6F5DD3B4275ABAB700998E15 /* scroll-view-bug */ = {
			isa = PBXNativeTarget;
			buildConfigurationList = 6F5DD3C4275ABAB800998E15 /* Build configuration list for PBXNativeTarget "scroll-view-bug" */;
			buildPhases = (
				6F5DD3B1275ABAB700998E15 /* Sources */,
				6F5DD3B2275ABAB700998E15 /* Frameworks */,
				6F5DD3B3275ABAB700998E15 /* Resources */,
			);
			buildRules = (
			);
			dependencies = (
			);
			name = "scroll-view-bug";
			productName = "scroll-view-bug";
			productReference = 6F5DD3B5275ABAB700998E15 /* scroll-view-bug.app */;
			productType = "com.apple.product-type.application";
		};
/* End PBXNativeTarget section */

/* Begin PBXProject section */
		6F5DD3AD275ABAB700998E15 /* Project object */ = {
			isa = PBXProject;
			attributes = {
				BuildIndependentTargetsInParallel = 1;
				LastSwiftUpdateCheck = 1320;
				LastUpgradeCheck = 1320;
				TargetAttributes = {
					6F5DD3B4275ABAB700998E15 = {
						CreatedOnToolsVersion = 13.2;
					};
				};
			};
			buildConfigurationList = 6F5DD3B0275ABAB700998E15 /* Build configuration list for PBXProject "scroll-view-bug" */;
			compatibilityVersion = "Xcode 13.0";
			developmentRegion = en;
			hasScannedForEncodings = 0;
			knownRegions = (
				en,
				Base,
			);
			mainGroup = 6F5DD3AC275ABAB700998E15;
			productRefGroup = 6F5DD3B6275ABAB700998E15 /* Products */;
			projectDirPath = "";
			projectRoot = "";
			targets = (
				6F5DD3B4275ABAB700998E15 /* scroll-view-bug */,
			);
		};
/* End PBXProject section */

/* Begin PBXResourcesBuildPhase section */
		6F5DD3B3275ABAB700998E15 /* Resources */ = {
			isa = PBXResourcesBuildPhase;
			buildActionMask = 2147483647;
			files = (
				6F5DD3C0275ABAB800998E15 /* Preview Assets.xcassets in Resources */,
				6F5DD3BD275ABAB800998E15 /* Assets.xcassets in Resources */,
			);
			runOnlyForDeploymentPostprocessing = 0;
		};
/* End PBXResourcesBuildPhase section */

/* Begin PBXSourcesBuildPhase section */
		6F5DD3B1275ABAB700998E15 /* Sources */ = {
			isa = PBXSourcesBuildPhase;
			buildActionMask = 2147483647;
			files = (
				6F5DD3CA275ABBA400998E15 /* MyView.swift in Sources */,
				6F5DD3C8275ABB0500998E15 /* MyViewRepresentable.swift in Sources */,
				6F5DD3BB275ABAB700998E15 /* ContentView.swift in Sources */,
				6F5DD3B9275ABAB700998E15 /* scroll_view_bugApp.swift in Sources */,
			);
			runOnlyForDeploymentPostprocessing = 0;
		};
/* End PBXSourcesBuildPhase section */

/* Begin XCBuildConfiguration section */
		6F5DD3C2275ABAB800998E15 /* Debug */ = {
			isa = XCBuildConfiguration;
			buildSettings = {
				ALWAYS_SEARCH_USER_PATHS = NO;
				CLANG_ANALYZER_NONNULL = YES;
				CLANG_ANALYZER_NUMBER_OBJECT_CONVERSION = YES_AGGRESSIVE;
				CLANG_CXX_LANGUAGE_STANDARD = "gnu++17";
				CLANG_CXX_LIBRARY = "libc++";
				CLANG_ENABLE_MODULES = YES;
				CLANG_ENABLE_OBJC_ARC = YES;
				CLANG_ENABLE_OBJC_WEAK = YES;
				CLANG_WARN_BLOCK_CAPTURE_AUTORELEASING = YES;
				CLANG_WARN_BOOL_CONVERSION = YES;
				CLANG_WARN_COMMA = YES;
				CLANG_WARN_CONSTANT_CONVERSION = YES;
				CLANG_WARN_DEPRECATED_OBJC_IMPLEMENTATIONS = YES;
				CLANG_WARN_DIRECT_OBJC_ISA_USAGE = YES_ERROR;
				CLANG_WARN_DOCUMENTATION_COMMENTS = YES;
				CLANG_WARN_EMPTY_BODY = YES;
				CLANG_WARN_ENUM_CONVERSION = YES;
				CLANG_WARN_INFINITE_RECURSION = YES;
				CLANG_WARN_INT_CONVERSION = YES;
				CLANG_WARN_NON_LITERAL_NULL_CONVERSION = YES;
				CLANG_WARN_OBJC_IMPLICIT_RETAIN_SELF = YES;
				CLANG_WARN_OBJC_LITERAL_CONVERSION = YES;
				CLANG_WARN_OBJC_ROOT_CLASS = YES_ERROR;
				CLANG_WARN_QUOTED_INCLUDE_IN_FRAMEWORK_HEADER = YES;
				CLANG_WARN_RANGE_LOOP_ANALYSIS = YES;
				CLANG_WARN_STRICT_PROTOTYPES = YES;
				CLANG_WARN_SUSPICIOUS_MOVE = YES;
				CLANG_WARN_UNGUARDED_AVAILABILITY = YES_AGGRESSIVE;
				CLANG_WARN_UNREACHABLE_CODE = YES;
				CLANG_WARN__DUPLICATE_METHOD_MATCH = YES;
				COPY_PHASE_STRIP = NO;
				DEBUG_INFORMATION_FORMAT = dwarf;
				ENABLE_STRICT_OBJC_MSGSEND = YES;
				ENABLE_TESTABILITY = YES;
				GCC_C_LANGUAGE_STANDARD = gnu11;
				GCC_DYNAMIC_NO_PIC = NO;
				GCC_NO_COMMON_BLOCKS = YES;
				GCC_OPTIMIZATION_LEVEL = 0;
				GCC_PREPROCESSOR_DEFINITIONS = (
					"DEBUG=1",
					"$(inherited)",
				);
				GCC_WARN_64_TO_32_BIT_CONVERSION = YES;
				GCC_WARN_ABOUT_RETURN_TYPE = YES_ERROR;
				GCC_WARN_UNDECLARED_SELECTOR = YES;
				GCC_WARN_UNINITIALIZED_AUTOS = YES_AGGRESSIVE;
				GCC_WARN_UNUSED_FUNCTION = YES;
				GCC_WARN_UNUSED_VARIABLE = YES;
				MACOSX_DEPLOYMENT_TARGET = 12.0;
				MTL_ENABLE_DEBUG_INFO = INCLUDE_SOURCE;
				MTL_FAST_MATH = YES;
				ONLY_ACTIVE_ARCH = YES;
				SDKROOT = macosx;
				SWIFT_ACTIVE_COMPILATION_CONDITIONS = DEBUG;
				SWIFT_OPTIMIZATION_LEVEL = "-Onone";
			};
			name = Debug;
		};
		6F5DD3C3275ABAB800998E15 /* Release */ = {
			isa = XCBuildConfiguration;
			buildSettings = {
				ALWAYS_SEARCH_USER_PATHS = NO;
				CLANG_ANALYZER_NONNULL = YES;
				CLANG_ANALYZER_NUMBER_OBJECT_CONVERSION = YES_AGGRESSIVE;
				CLANG_CXX_LANGUAGE_STANDARD = "gnu++17";
				CLANG_CXX_LIBRARY = "libc++";
				CLANG_ENABLE_MODULES = YES;
				CLANG_ENABLE_OBJC_ARC = YES;
				CLANG_ENABLE_OBJC_WEAK = YES;
				CLANG_WARN_BLOCK_CAPTURE_AUTORELEASING = YES;
				CLANG_WARN_BOOL_CONVERSION = YES;
				CLANG_WARN_COMMA = YES;
				CLANG_WARN_CONSTANT_CONVERSION = YES;
				CLANG_WARN_DEPRECATED_OBJC_IMPLEMENTATIONS = YES;
				CLANG_WARN_DIRECT_OBJC_ISA_USAGE = YES_ERROR;
				CLANG_WARN_DOCUMENTATION_COMMENTS = YES;
				CLANG_WARN_EMPTY_BODY = YES;
				CLANG_WARN_ENUM_CONVERSION = YES;
				CLANG_WARN_INFINITE_RECURSION = YES;
				CLANG_WARN_INT_CONVERSION = YES;
				CLANG_WARN_NON_LITERAL_NULL_CONVERSION = YES;
				CLANG_WARN_OBJC_IMPLICIT_RETAIN_SELF = YES;
				CLANG_WARN_OBJC_LITERAL_CONVERSION = YES;
				CLANG_WARN_OBJC_ROOT_CLASS = YES_ERROR;
				CLANG_WARN_QUOTED_INCLUDE_IN_FRAMEWORK_HEADER = YES;
				CLANG_WARN_RANGE_LOOP_ANALYSIS = YES;
				CLANG_WARN_STRICT_PROTOTYPES = YES;
				CLANG_WARN_SUSPICIOUS_MOVE = YES;
				CLANG_WARN_UNGUARDED_AVAILABILITY = YES_AGGRESSIVE;
				CLANG_WARN_UNREACHABLE_CODE = YES;
				CLANG_WARN__DUPLICATE_METHOD_MATCH = YES;
				COPY_PHASE_STRIP = NO;
				DEBUG_INFORMATION_FORMAT = "dwarf-with-dsym";
				ENABLE_NS_ASSERTIONS = NO;
				ENABLE_STRICT_OBJC_MSGSEND = YES;
				GCC_C_LANGUAGE_STANDARD = gnu11;
				GCC_NO_COMMON_BLOCKS = YES;
				GCC_WARN_64_TO_32_BIT_CONVERSION = YES;
				GCC_WARN_ABOUT_RETURN_TYPE = YES_ERROR;
				GCC_WARN_UNDECLARED_SELECTOR = YES;
				GCC_WARN_UNINITIALIZED_AUTOS = YES_AGGRESSIVE;
				GCC_WARN_UNUSED_FUNCTION = YES;
				GCC_WARN_UNUSED_VARIABLE = YES;
				MACOSX_DEPLOYMENT_TARGET = 12.0;
				MTL_ENABLE_DEBUG_INFO = NO;
				MTL_FAST_MATH = YES;
				SDKROOT = macosx;
				SWIFT_COMPILATION_MODE = wholemodule;
				SWIFT_OPTIMIZATION_LEVEL = "-O";
			};
			name = Release;
		};
		6F5DD3C5275ABAB800998E15 /* Debug */ = {
			isa = XCBuildConfiguration;
			buildSettings = {
				ASSETCATALOG_COMPILER_APPICON_NAME = AppIcon;
				ASSETCATALOG_COMPILER_GLOBAL_ACCENT_COLOR_NAME = AccentColor;
				CODE_SIGN_ENTITLEMENTS = "scroll-view-bug/scroll_view_bug.entitlements";
				CODE_SIGN_STYLE = Automatic;
				COMBINE_HIDPI_IMAGES = YES;
				CURRENT_PROJECT_VERSION = 1;
				DEVELOPMENT_ASSET_PATHS = "\"scroll-view-bug/Preview Content\"";
				ENABLE_PREVIEWS = YES;
				GENERATE_INFOPLIST_FILE = YES;
				INFOPLIST_KEY_NSHumanReadableCopyright = "";
				LD_RUNPATH_SEARCH_PATHS = (
					"$(inherited)",
					"@executable_path/../Frameworks",
				);
				MARKETING_VERSION = 1.0;
				PRODUCT_BUNDLE_IDENTIFIER = "de.the-skylab.scroll-view-bug";
				PRODUCT_NAME = "$(TARGET_NAME)";
				SWIFT_EMIT_LOC_STRINGS = YES;
				SWIFT_VERSION = 5.0;
			};
			name = Debug;
		};
		6F5DD3C6275ABAB800998E15 /* Release */ = {
			isa = XCBuildConfiguration;
			buildSettings = {
				ASSETCATALOG_COMPILER_APPICON_NAME = AppIcon;
				ASSETCATALOG_COMPILER_GLOBAL_ACCENT_COLOR_NAME = AccentColor;
				CODE_SIGN_ENTITLEMENTS = "scroll-view-bug/scroll_view_bug.entitlements";
				CODE_SIGN_STYLE = Automatic;
				COMBINE_HIDPI_IMAGES = YES;
				CURRENT_PROJECT_VERSION = 1;
				DEVELOPMENT_ASSET_PATHS = "\"scroll-view-bug/Preview Content\"";
				ENABLE_PREVIEWS = YES;
				GENERATE_INFOPLIST_FILE = YES;
				INFOPLIST_KEY_NSHumanReadableCopyright = "";
				LD_RUNPATH_SEARCH_PATHS = (
					"$(inherited)",
					"@executable_path/../Frameworks",
				);
				MARKETING_VERSION = 1.0;
				PRODUCT_BUNDLE_IDENTIFIER = "de.the-skylab.scroll-view-bug";
				PRODUCT_NAME = "$(TARGET_NAME)";
				SWIFT_EMIT_LOC_STRINGS = YES;
				SWIFT_VERSION = 5.0;
			};
			name = Release;
		};
/* End XCBuildConfiguration section */

/* Begin XCConfigurationList section */
		6F5DD3B0275ABAB700998E15 /* Build configuration list for PBXProject "scroll-view-bug" */ = {
			isa = XCConfigurationList;
			buildConfigurations = (
				6F5DD3C2275ABAB800998E15 /* Debug */,
				6F5DD3C3275ABAB800998E15 /* Release */,
			);
			defaultConfigurationIsVisible = 0;
			defaultConfigurationName = Release;
		};
		6F5DD3C4275ABAB800998E15 /* Build configuration list for PBXNativeTarget "scroll-view-bug" */ = {
			isa = XCConfigurationList;
			buildConfigurations = (
				6F5DD3C5275ABAB800998E15 /* Debug */,
				6F5DD3C6275ABAB800998E15 /* Release */,
			);
			defaultConfigurationIsVisible = 0;
			defaultConfigurationName = Release;
		};
/* End XCConfigurationList section */
	};
	rootObject = 6F5DD3AD275ABAB700998E15 /* Project object */;
}
